
Microsoft Visual Studio Solution File, Format Version 12.00
# Visual Studio 14
VisualStudioVersion = 14.0.25420.1
MinimumVisualStudioVersion = 10.0.40219.1
Project("{D954291E-2A0B-460D-934E-DC6B0785DB48}") = "XamarinWS", "XamarinWS\XamarinWS\XamarinWS.shproj", "{46FB8C71-CBE4-4D86-92CD-50F39DFC11F5}"
EndProject
Project("{FAE04EC0-301F-11D3-BF4B-00C04F79EFBC}") = "XamarinWS.Android", "XamarinWS\XamarinWS.Android\XamarinWS.Android.csproj", "{899B8535-7814-4F3D-BF7A-235843741430}"
EndProject
Project("{FAE04EC0-301F-11D3-BF4B-00C04F79EFBC}") = "XamarinWS.iOS", "XamarinWS\XamarinWS.iOS\XamarinWS.iOS.csproj", "{0229E704-9EC7-4706-867F-13DEB602050B}"
EndProject
Project("{FAE04EC0-301F-11D3-BF4B-00C04F79EFBC}") = "XamarinWS.UWP", "XamarinWS\XamarinWS.UWP\XamarinWS.UWP.csproj", "{0B51572D-262D-439A-9A35-30BBB85B4FC3}"
EndProject
Global
	GlobalSection(SharedMSBuildProjectFiles) = preSolution
		XamarinWS\XamarinWS\XamarinWS.projitems*{0229e704-9ec7-4706-867f-13deb602050b}*SharedItemsImports = 4
		XamarinWS\XamarinWS\XamarinWS.projitems*{46fb8c71-cbe4-4d86-92cd-50f39dfc11f5}*SharedItemsImports = 13
		XamarinWS\XamarinWS\XamarinWS.projitems*{899b8535-7814-4f3d-bf7a-235843741430}*SharedItemsImports = 4
	EndGlobalSection
	GlobalSection(SolutionConfigurationPlatforms) = preSolution
		Ad-Hoc|Any CPU = Ad-Hoc|Any CPU
		Ad-Hoc|ARM = Ad-Hoc|ARM
		Ad-Hoc|iPhone = Ad-Hoc|iPhone
		Ad-Hoc|iPhoneSimulator = Ad-Hoc|iPhoneSimulator
		Ad-Hoc|x64 = Ad-Hoc|x64
		Ad-Hoc|x86 = Ad-Hoc|x86
		AppStore|Any CPU = AppStore|Any CPU
		AppStore|ARM = AppStore|ARM
		AppStore|iPhone = AppStore|iPhone
		AppStore|iPhoneSimulator = AppStore|iPhoneSimulator
		AppStore|x64 = AppStore|x64
		AppStore|x86 = AppStore|x86
		Debug|Any CPU = Debug|Any CPU
		Debug|ARM = Debug|ARM
		Debug|iPhone = Debug|iPhone
		Debug|iPhoneSimulator = Debug|iPhoneSimulator
		Debug|x64 = Debug|x64
		Debug|x86 = Debug|x86
		Release|Any CPU = Release|Any CPU
		Release|ARM = Release|ARM
		Release|iPhone = Release|iPhone
		Release|iPhoneSimulator = Release|iPhoneSimulator
		Release|x64 = Release|x64
		Release|x86 = Release|x86
	EndGlobalSection
	GlobalSection(ProjectConfigurationPlatforms) = postSolution
		{899B8535-7814-4F3D-BF7A-235843741430}.Ad-Hoc|Any CPU.ActiveCfg = Release|Any CPU
		{899B8535-7814-4F3D-BF7A-235843741430}.Ad-Hoc|Any CPU.Build.0 = Release|Any CPU
		{899B8535-7814-4F3D-BF7A-235843741430}.Ad-Hoc|Any CPU.Deploy.0 = Release|Any CPU
		{899B8535-7814-4F3D-BF7A-235843741430}.Ad-Hoc|ARM.ActiveCfg = Release|Any CPU
		{899B8535-7814-4F3D-BF7A-235843741430}.Ad-Hoc|ARM.Build.0 = Release|Any CPU
		{899B8535-7814-4F3D-BF7A-235843741430}.Ad-Hoc|ARM.Deploy.0 = Release|Any CPU
		{899B8535-7814-4F3D-BF7A-235843741430}.Ad-Hoc|iPhone.ActiveCfg = Release|Any CPU
		{899B8535-7814-4F3D-BF7A-235843741430}.Ad-Hoc|iPhone.Build.0 = Release|Any CPU
		{899B8535-7814-4F3D-BF7A-235843741430}.Ad-Hoc|iPhone.Deploy.0 = Release|Any CPU
		{899B8535-7814-4F3D-BF7A-235843741430}.Ad-Hoc|iPhoneSimulator.ActiveCfg = Release|Any CPU
		{899B8535-7814-4F3D-BF7A-235843741430}.Ad-Hoc|iPhoneSimulator.Build.0 = Release|Any CPU
		{899B8535-7814-4F3D-BF7A-235843741430}.Ad-Hoc|iPhoneSimulator.Deploy.0 = Release|Any CPU
		{899B8535-7814-4F3D-BF7A-235843741430}.Ad-Hoc|x64.ActiveCfg = Release|Any CPU
		{899B8535-7814-4F3D-BF7A-235843741430}.Ad-Hoc|x64.Build.0 = Release|Any CPU
		{899B8535-7814-4F3D-BF7A-235843741430}.Ad-Hoc|x64.Deploy.0 = Release|Any CPU
		{899B8535-7814-4F3D-BF7A-235843741430}.Ad-Hoc|x86.ActiveCfg = Release|Any CPU
		{899B8535-7814-4F3D-BF7A-235843741430}.Ad-Hoc|x86.Build.0 = Release|Any CPU
		{899B8535-7814-4F3D-BF7A-235843741430}.Ad-Hoc|x86.Deploy.0 = Release|Any CPU
		{899B8535-7814-4F3D-BF7A-235843741430}.AppStore|Any CPU.ActiveCfg = Release|Any CPU
		{899B8535-7814-4F3D-BF7A-235843741430}.AppStore|Any CPU.Build.0 = Release|Any CPU
		{899B8535-7814-4F3D-BF7A-235843741430}.AppStore|Any CPU.Deploy.0 = Release|Any CPU
		{899B8535-7814-4F3D-BF7A-235843741430}.AppStore|ARM.ActiveCfg = Release|Any CPU
		{899B8535-7814-4F3D-BF7A-235843741430}.AppStore|ARM.Build.0 = Release|Any CPU
		{899B8535-7814-4F3D-BF7A-235843741430}.AppStore|ARM.Deploy.0 = Release|Any CPU
		{899B8535-7814-4F3D-BF7A-235843741430}.AppStore|iPhone.ActiveCfg = Release|Any CPU
		{899B8535-7814-4F3D-BF7A-235843741430}.AppStore|iPhone.Build.0 = Release|Any CPU
		{899B8535-7814-4F3D-BF7A-235843741430}.AppStore|iPhone.Deploy.0 = Release|Any CPU
		{899B8535-7814-4F3D-BF7A-235843741430}.AppStore|iPhoneSimulator.ActiveCfg = Release|Any CPU
		{899B8535-7814-4F3D-BF7A-235843741430}.AppStore|iPhoneSimulator.Build.0 = Release|Any CPU
		{899B8535-7814-4F3D-BF7A-235843741430}.AppStore|iPhoneSimulator.Deploy.0 = Release|Any CPU
		{899B8535-7814-4F3D-BF7A-235843741430}.AppStore|x64.ActiveCfg = Release|Any CPU
		{899B8535-7814-4F3D-BF7A-235843741430}.AppStore|x64.Build.0 = Release|Any CPU
		{899B8535-7814-4F3D-BF7A-235843741430}.AppStore|x64.Deploy.0 = Release|Any CPU
		{899B8535-7814-4F3D-BF7A-235843741430}.AppStore|x86.ActiveCfg = Release|Any CPU
		{899B8535-7814-4F3D-BF7A-235843741430}.AppStore|x86.Build.0 = Release|Any CPU
		{899B8535-7814-4F3D-BF7A-235843741430}.AppStore|x86.Deploy.0 = Release|Any CPU
		{899B8535-7814-4F3D-BF7A-235843741430}.Debug|Any CPU.ActiveCfg = Debug|Any CPU
		{899B8535-7814-4F3D-BF7A-235843741430}.Debug|Any CPU.Build.0 = Debug|Any CPU
		{899B8535-7814-4F3D-BF7A-235843741430}.Debug|Any CPU.Deploy.0 = Debug|Any CPU
		{899B8535-7814-4F3D-BF7A-235843741430}.Debug|ARM.ActiveCfg = Debug|Any CPU
		{899B8535-7814-4F3D-BF7A-235843741430}.Debug|ARM.Build.0 = Debug|Any CPU
		{899B8535-7814-4F3D-BF7A-235843741430}.Debug|ARM.Deploy.0 = Debug|Any CPU
		{899B8535-7814-4F3D-BF7A-235843741430}.Debug|iPhone.ActiveCfg = Debug|Any CPU
		{899B8535-7814-4F3D-BF7A-235843741430}.Debug|iPhone.Build.0 = Debug|Any CPU
		{899B8535-7814-4F3D-BF7A-235843741430}.Debug|iPhone.Deploy.0 = Debug|Any CPU
		{899B8535-7814-4F3D-BF7A-235843741430}.Debug|iPhoneSimulator.ActiveCfg = Debug|Any CPU
		{899B8535-7814-4F3D-BF7A-235843741430}.Debug|iPhoneSimulator.Build.0 = Debug|Any CPU
		{899B8535-7814-4F3D-BF7A-235843741430}.Debug|iPhoneSimulator.Deploy.0 = Debug|Any CPU
		{899B8535-7814-4F3D-BF7A-235843741430}.Debug|x64.ActiveCfg = Debug|Any CPU
		{899B8535-7814-4F3D-BF7A-235843741430}.Debug|x64.Build.0 = Debug|Any CPU
		{899B8535-7814-4F3D-BF7A-235843741430}.Debug|x64.Deploy.0 = Debug|Any CPU
		{899B8535-7814-4F3D-BF7A-235843741430}.Debug|x86.ActiveCfg = Debug|Any CPU
		{899B8535-7814-4F3D-BF7A-235843741430}.Debug|x86.Build.0 = Debug|Any CPU
		{899B8535-7814-4F3D-BF7A-235843741430}.Debug|x86.Deploy.0 = Debug|Any CPU
		{899B8535-7814-4F3D-BF7A-235843741430}.Release|Any CPU.ActiveCfg = Release|Any CPU
		{899B8535-7814-4F3D-BF7A-235843741430}.Release|Any CPU.Build.0 = Release|Any CPU
		{899B8535-7814-4F3D-BF7A-235843741430}.Release|Any CPU.Deploy.0 = Release|Any CPU
		{899B8535-7814-4F3D-BF7A-235843741430}.Release|ARM.ActiveCfg = Release|Any CPU
		{899B8535-7814-4F3D-BF7A-235843741430}.Release|ARM.Build.0 = Release|Any CPU
		{899B8535-7814-4F3D-BF7A-235843741430}.Release|ARM.Deploy.0 = Release|Any CPU
		{899B8535-7814-4F3D-BF7A-235843741430}.Release|iPhone.ActiveCfg = Release|Any CPU
		{899B8535-7814-4F3D-BF7A-235843741430}.Release|iPhone.Build.0 = Release|Any CPU
		{899B8535-7814-4F3D-BF7A-235843741430}.Release|iPhone.Deploy.0 = Release|Any CPU
		{899B8535-7814-4F3D-BF7A-235843741430}.Release|iPhoneSimulator.ActiveCfg = Release|Any CPU
		{899B8535-7814-4F3D-BF7A-235843741430}.Release|iPhoneSimulator.Build.0 = Release|Any CPU
		{899B8535-7814-4F3D-BF7A-235843741430}.Release|iPhoneSimulator.Deploy.0 = Release|Any CPU
		{899B8535-7814-4F3D-BF7A-235843741430}.Release|x64.ActiveCfg = Release|Any CPU
		{899B8535-7814-4F3D-BF7A-235843741430}.Release|x64.Build.0 = Release|Any CPU
		{899B8535-7814-4F3D-BF7A-235843741430}.Release|x64.Deploy.0 = Release|Any CPU
		{899B8535-7814-4F3D-BF7A-235843741430}.Release|x86.ActiveCfg = Release|Any CPU
		{899B8535-7814-4F3D-BF7A-235843741430}.Release|x86.Build.0 = Release|Any CPU
		{899B8535-7814-4F3D-BF7A-235843741430}.Release|x86.Deploy.0 = Release|Any CPU
		{0229E704-9EC7-4706-867F-13DEB602050B}.Ad-Hoc|Any CPU.ActiveCfg = Ad-Hoc|iPhone
		{0229E704-9EC7-4706-867F-13DEB602050B}.Ad-Hoc|ARM.ActiveCfg = Ad-Hoc|iPhone
		{0229E704-9EC7-4706-867F-13DEB602050B}.Ad-Hoc|iPhone.ActiveCfg = Ad-Hoc|iPhone
		{0229E704-9EC7-4706-867F-13DEB602050B}.Ad-Hoc|iPhone.Build.0 = Ad-Hoc|iPhone
		{0229E704-9EC7-4706-867F-13DEB602050B}.Ad-Hoc|iPhoneSimulator.ActiveCfg = Ad-Hoc|iPhoneSimulator
		{0229E704-9EC7-4706-867F-13DEB602050B}.Ad-Hoc|iPhoneSimulator.Build.0 = Ad-Hoc|iPhoneSimulator
		{0229E704-9EC7-4706-867F-13DEB602050B}.Ad-Hoc|x64.ActiveCfg = Ad-Hoc|iPhone
		{0229E704-9EC7-4706-867F-13DEB602050B}.Ad-Hoc|x86.ActiveCfg = Ad-Hoc|iPhone
		{0229E704-9EC7-4706-867F-13DEB602050B}.AppStore|Any CPU.ActiveCfg = AppStore|iPhone
		{0229E704-9EC7-4706-867F-13DEB602050B}.AppStore|ARM.ActiveCfg = AppStore|iPhone
		{0229E704-9EC7-4706-867F-13DEB602050B}.AppStore|iPhone.ActiveCfg = AppStore|iPhone
		{0229E704-9EC7-4706-867F-13DEB602050B}.AppStore|iPhone.Build.0 = AppStore|iPhone
		{0229E704-9EC7-4706-867F-13DEB602050B}.AppStore|iPhoneSimulator.ActiveCfg = AppStore|iPhoneSimulator
		{0229E704-9EC7-4706-867F-13DEB602050B}.AppStore|iPhoneSimulator.Build.0 = AppStore|iPhoneSimulator
		{0229E704-9EC7-4706-867F-13DEB602050B}.AppStore|x64.ActiveCfg = AppStore|iPhone
		{0229E704-9EC7-4706-867F-13DEB602050B}.AppStore|x86.ActiveCfg = AppStore|iPhone
		{0229E704-9EC7-4706-867F-13DEB602050B}.Debug|Any CPU.ActiveCfg = Debug|iPhone
		{0229E704-9EC7-4706-867F-13DEB602050B}.Debug|ARM.ActiveCfg = Debug|iPhone
		{0229E704-9EC7-4706-867F-13DEB602050B}.Debug|iPhone.ActiveCfg = Debug|iPhone
		{0229E704-9EC7-4706-867F-13DEB602050B}.Debug|iPhone.Build.0 = Debug|iPhone
		{0229E704-9EC7-4706-867F-13DEB602050B}.Debug|iPhoneSimulator.ActiveCfg = Debug|iPhoneSimulator
		{0229E704-9EC7-4706-867F-13DEB602050B}.Debug|iPhoneSimulator.Build.0 = Debug|iPhoneSimulator
		{0229E704-9EC7-4706-867F-13DEB602050B}.Debug|x64.ActiveCfg = Debug|iPhone
		{0229E704-9EC7-4706-867F-13DEB602050B}.Debug|x86.ActiveCfg = Debug|iPhone
		{0229E704-9EC7-4706-867F-13DEB602050B}.Release|Any CPU.ActiveCfg = Release|iPhone
		{0229E704-9EC7-4706-867F-13DEB602050B}.Release|ARM.ActiveCfg = Release|iPhone
		{0229E704-9EC7-4706-867F-13DEB602050B}.Release|iPhone.ActiveCfg = Release|iPhone
		{0229E704-9EC7-4706-867F-13DEB602050B}.Release|iPhone.Build.0 = Release|iPhone
		{0229E704-9EC7-4706-867F-13DEB602050B}.Release|iPhoneSimulator.ActiveCfg = Release|iPhoneSimulator
		{0229E704-9EC7-4706-867F-13DEB602050B}.Release|iPhoneSimulator.Build.0 = Release|iPhoneSimulator
		{0229E704-9EC7-4706-867F-13DEB602050B}.Release|x64.ActiveCfg = Release|iPhone
		{0229E704-9EC7-4706-867F-13DEB602050B}.Release|x86.ActiveCfg = Release|iPhone
		{0B51572D-262D-439A-9A35-30BBB85B4FC3}.Ad-Hoc|Any CPU.ActiveCfg = Release|x86
		{0B51572D-262D-439A-9A35-30BBB85B4FC3}.Ad-Hoc|Any CPU.Build.0 = Release|x86
		{0B51572D-262D-439A-9A35-30BBB85B4FC3}.Ad-Hoc|Any CPU.Deploy.0 = Release|x86
		{0B51572D-262D-439A-9A35-30BBB85B4FC3}.Ad-Hoc|ARM.ActiveCfg = Release|ARM
		{0B51572D-262D-439A-9A35-30BBB85B4FC3}.Ad-Hoc|ARM.Build.0 = Release|ARM
		{0B51572D-262D-439A-9A35-30BBB85B4FC3}.Ad-Hoc|ARM.Deploy.0 = Release|ARM
		{0B51572D-262D-439A-9A35-30BBB85B4FC3}.Ad-Hoc|iPhone.ActiveCfg = Release|x86
		{0B51572D-262D-439A-9A35-30BBB85B4FC3}.Ad-Hoc|iPhone.Build.0 = Release|x86
		{0B51572D-262D-439A-9A35-30BBB85B4FC3}.Ad-Hoc|iPhone.Deploy.0 = Release|x86
		{0B51572D-262D-439A-9A35-30BBB85B4FC3}.Ad-Hoc|iPhoneSimulator.ActiveCfg = Release|x86
		{0B51572D-262D-439A-9A35-30BBB85B4FC3}.Ad-Hoc|iPhoneSimulator.Build.0 = Release|x86
		{0B51572D-262D-439A-9A35-30BBB85B4FC3}.Ad-Hoc|iPhoneSimulator.Deploy.0 = Release|x86
		{0B51572D-262D-439A-9A35-30BBB85B4FC3}.Ad-Hoc|x64.ActiveCfg = Release|x64
		{0B51572D-262D-439A-9A35-30BBB85B4FC3}.Ad-Hoc|x64.Build.0 = Release|x64
		{0B51572D-262D-439A-9A35-30BBB85B4FC3}.Ad-Hoc|x64.Deploy.0 = Release|x64
		{0B51572D-262D-439A-9A35-30BBB85B4FC3}.Ad-Hoc|x86.ActiveCfg = Release|x86
		{0B51572D-262D-439A-9A35-30BBB85B4FC3}.Ad-Hoc|x86.Build.0 = Release|x86
		{0B51572D-262D-439A-9A35-30BBB85B4FC3}.Ad-Hoc|x86.Deploy.0 = Release|x86
		{0B51572D-262D-439A-9A35-30BBB85B4FC3}.AppStore|Any CPU.ActiveCfg = Release|x86
		{0B51572D-262D-439A-9A35-30BBB85B4FC3}.AppStore|Any CPU.Build.0 = Release|x86
		{0B51572D-262D-439A-9A35-30BBB85B4FC3}.AppStore|Any CPU.Deploy.0 = Release|x86
		{0B51572D-262D-439A-9A35-30BBB85B4FC3}.AppStore|ARM.ActiveCfg = Release|ARM
		{0B51572D-262D-439A-9A35-30BBB85B4FC3}.AppStore|ARM.Build.0 = Release|ARM
		{0B51572D-262D-439A-9A35-30BBB85B4FC3}.AppStore|ARM.Deploy.0 = Release|ARM
		{0B51572D-262D-439A-9A35-30BBB85B4FC3}.AppStore|iPhone.ActiveCfg = Release|x86
		{0B51572D-262D-439A-9A35-30BBB85B4FC3}.AppStore|iPhone.Build.0 = Release|x86
		{0B51572D-262D-439A-9A35-30BBB85B4FC3}.AppStore|iPhone.Deploy.0 = Release|x86
		{0B51572D-262D-439A-9A35-30BBB85B4FC3}.AppStore|iPhoneSimulator.ActiveCfg = Release|x86
		{0B51572D-262D-439A-9A35-30BBB85B4FC3}.AppStore|iPhoneSimulator.Build.0 = Release|x86
		{0B51572D-262D-439A-9A35-30BBB85B4FC3}.AppStore|iPhoneSimulator.Deploy.0 = Release|x86
		{0B51572D-262D-439A-9A35-30BBB85B4FC3}.AppStore|x64.ActiveCfg = Release|x64
		{0B51572D-262D-439A-9A35-30BBB85B4FC3}.AppStore|x64.Build.0 = Release|x64
		{0B51572D-262D-439A-9A35-30BBB85B4FC3}.AppStore|x64.Deploy.0 = Release|x64
		{0B51572D-262D-439A-9A35-30BBB85B4FC3}.AppStore|x86.ActiveCfg = Release|x86
		{0B51572D-262D-439A-9A35-30BBB85B4FC3}.AppStore|x86.Build.0 = Release|x86
		{0B51572D-262D-439A-9A35-30BBB85B4FC3}.AppStore|x86.Deploy.0 = Release|x86
		{0B51572D-262D-439A-9A35-30BBB85B4FC3}.Debug|Any CPU.ActiveCfg = Debug|x86
		{0B51572D-262D-439A-9A35-30BBB85B4FC3}.Debug|ARM.ActiveCfg = Debug|ARM
		{0B51572D-262D-439A-9A35-30BBB85B4FC3}.Debug|ARM.Build.0 = Debug|ARM
		{0B51572D-262D-439A-9A35-30BBB85B4FC3}.Debug|ARM.Deploy.0 = Debug|ARM
		{0B51572D-262D-439A-9A35-30BBB85B4FC3}.Debug|iPhone.ActiveCfg = Debug|x86
		{0B51572D-262D-439A-9A35-30BBB85B4FC3}.Debug|iPhoneSimulator.ActiveCfg = Debug|x86
		{0B51572D-262D-439A-9A35-30BBB85B4FC3}.Debug|x64.ActiveCfg = Debug|x64
		{0B51572D-262D-439A-9A35-30BBB85B4FC3}.Debug|x64.Build.0 = Debug|x64
		{0B51572D-262D-439A-9A35-30BBB85B4FC3}.Debug|x64.Deploy.0 = Debug|x64
		{0B51572D-262D-439A-9A35-30BBB85B4FC3}.Debug|x86.ActiveCfg = Debug|x86
		{0B51572D-262D-439A-9A35-30BBB85B4FC3}.Debug|x86.Build.0 = Debug|x86
		{0B51572D-262D-439A-9A35-30BBB85B4FC3}.Debug|x86.Deploy.0 = Debug|x86
		{0B51572D-262D-439A-9A35-30BBB85B4FC3}.Release|Any CPU.ActiveCfg = Release|x86
		{0B51572D-262D-439A-9A35-30BBB85B4FC3}.Release|ARM.ActiveCfg = Release|ARM
		{0B51572D-262D-439A-9A35-30BBB85B4FC3}.Release|ARM.Build.0 = Release|ARM
		{0B51572D-262D-439A-9A35-30BBB85B4FC3}.Release|ARM.Deploy.0 = Release|ARM
		{0B51572D-262D-439A-9A35-30BBB85B4FC3}.Release|iPhone.ActiveCfg = Release|x86
		{0B51572D-262D-439A-9A35-30BBB85B4FC3}.Release|iPhoneSimulator.ActiveCfg = Release|x86
		{0B51572D-262D-439A-9A35-30BBB85B4FC3}.Release|x64.ActiveCfg = Release|x64
		{0B51572D-262D-439A-9A35-30BBB85B4FC3}.Release|x64.Build.0 = Release|x64
		{0B51572D-262D-439A-9A35-30BBB85B4FC3}.Release|x64.Deploy.0 = Release|x64
		{0B51572D-262D-439A-9A35-30BBB85B4FC3}.Release|x86.ActiveCfg = Release|x86
		{0B51572D-262D-439A-9A35-30BBB85B4FC3}.Release|x86.Build.0 = Release|x86
		{0B51572D-262D-439A-9A35-30BBB85B4FC3}.Release|x86.Deploy.0 = Release|x86
	EndGlobalSection
	GlobalSection(SolutionProperties) = preSolution
		HideSolutionNode = FALSE
	EndGlobalSection
EndGlobal
